// !$*UTF8*$!
{
	archiveVersion = 1;
	classes = {
	};
	objectVersion = 46;
	objects = {

/* Begin PBXBuildFile section */
		88C263911C86473E001CBEA7 /* AppDelegate.swift in Sources */ = {isa = PBXBuildFile; fileRef = 88C263901C86473E001CBEA7 /* AppDelegate.swift */; };
		88C263931C86473E001CBEA7 /* StartViewController.swift in Sources */ = {isa = PBXBuildFile; fileRef = 88C263921C86473E001CBEA7 /* StartViewController.swift */; };
		88C263981C86473E001CBEA7 /* Assets.xcassets in Resources */ = {isa = PBXBuildFile; fileRef = 88C263971C86473E001CBEA7 /* Assets.xcassets */; };
		88C2639B1C86473E001CBEA7 /* LaunchScreen.storyboard in Resources */ = {isa = PBXBuildFile; fileRef = 88C263991C86473E001CBEA7 /* LaunchScreen.storyboard */; };
		88C263A61C86492D001CBEA7 /* StartViewController.xib in Resources */ = {isa = PBXBuildFile; fileRef = 88C263A51C86492D001CBEA7 /* StartViewController.xib */; };
		88C263A91C864E2F001CBEA7 /* RedViewController.swift in Sources */ = {isa = PBXBuildFile; fileRef = 88C263A71C864E2F001CBEA7 /* RedViewController.swift */; };
		88C263AA1C864E2F001CBEA7 /* RedViewController.xib in Resources */ = {isa = PBXBuildFile; fileRef = 88C263A81C864E2F001CBEA7 /* RedViewController.xib */; };
		88C263AD1C865ACD001CBEA7 /* GreenViewController.swift in Sources */ = {isa = PBXBuildFile; fileRef = 88C263AB1C865ACD001CBEA7 /* GreenViewController.swift */; };
		88C263AE1C865ACD001CBEA7 /* GreenViewController.xib in Resources */ = {isa = PBXBuildFile; fileRef = 88C263AC1C865ACD001CBEA7 /* GreenViewController.xib */; };
/* End PBXBuildFile section */

/* Begin PBXFileReference section */
		88C2638D1C86473E001CBEA7 /* exercise-nostoryboards.app */ = {isa = PBXFileReference; explicitFileType = wrapper.application; includeInIndex = 0; path = "exercise-nostoryboards.app"; sourceTree = BUILT_PRODUCTS_DIR; };
		88C263901C86473E001CBEA7 /* AppDelegate.swift */ = {isa = PBXFileReference; lastKnownFileType = sourcecode.swift; path = AppDelegate.swift; sourceTree = "<group>"; };
		88C263921C86473E001CBEA7 /* StartViewController.swift */ = {isa = PBXFileReference; lastKnownFileType = sourcecode.swift; path = StartViewController.swift; sourceTree = "<group>"; };
		88C263971C86473E001CBEA7 /* Assets.xcassets */ = {isa = PBXFileReference; lastKnownFileType = folder.assetcatalog; path = Assets.xcassets; sourceTree = "<group>"; };
		88C2639A1C86473E001CBEA7 /* Base */ = {isa = PBXFileReference; lastKnownFileType = file.storyboard; name = Base; path = Base.lproj/LaunchScreen.storyboard; sourceTree = "<group>"; };
		88C2639C1C86473E001CBEA7 /* Info.plist */ = {isa = PBXFileReference; lastKnownFileType = text.plist.xml; path = Info.plist; sourceTree = "<group>"; };
		88C263A51C86492D001CBEA7 /* StartViewController.xib */ = {isa = PBXFileReference; fileEncoding = 4; lastKnownFileType = file.xib; path = StartViewController.xib; sourceTree = "<group>"; };
		88C263A71C864E2F001CBEA7 /* RedViewController.swift */ = {isa = PBXFileReference; fileEncoding = 4; lastKnownFileType = sourcecode.swift; path = RedViewController.swift; sourceTree = "<group>"; };
		88C263A81C864E2F001CBEA7 /* RedViewController.xib */ = {isa = PBXFileReference; fileEncoding = 4; lastKnownFileType = file.xib; path = RedViewController.xib; sourceTree = "<group>"; };
		88C263AB1C865ACD001CBEA7 /* GreenViewController.swift */ = {isa = PBXFileReference; fileEncoding = 4; lastKnownFileType = sourcecode.swift; path = GreenViewController.swift; sourceTree = "<group>"; };
		88C263AC1C865ACD001CBEA7 /* GreenViewController.xib */ = {isa = PBXFileReference; fileEncoding = 4; lastKnownFileType = file.xib; path = GreenViewController.xib; sourceTree = "<group>"; };
/* End PBXFileReference section */

/* Begin PBXFrameworksBuildPhase section */
		88C2638A1C86473E001CBEA7 /* Frameworks */ = {
			isa = PBXFrameworksBuildPhase;
			buildActionMask = 2147483647;
			files = (
			);
			runOnlyForDeploymentPostprocessing = 0;
		};
/* End PBXFrameworksBuildPhase section */

/* Begin PBXGroup section */
		88C263841C86473E001CBEA7 = {
			isa = PBXGroup;
			children = (
				88C2638F1C86473E001CBEA7 /* exercise-nostoryboards */,
				88C2638E1C86473E001CBEA7 /* Products */,
			);
			sourceTree = "<group>";
		};
		88C2638E1C86473E001CBEA7 /* Products */ = {
			isa = PBXGroup;
			children = (
				88C2638D1C86473E001CBEA7 /* exercise-nostoryboards.app */,
			);
			name = Products;
			sourceTree = "<group>";
		};
		88C2638F1C86473E001CBEA7 /* exercise-nostoryboards */ = {
			isa = PBXGroup;
			children = (
				88C263A41C8647A2001CBEA7 /* Controller */,
				88C263A31C864795001CBEA7 /* View */,
				88C263A21C86478B001CBEA7 /* Model */,
				88C263901C86473E001CBEA7 /* AppDelegate.swift */,
				88C263971C86473E001CBEA7 /* Assets.xcassets */,
				88C263991C86473E001CBEA7 /* LaunchScreen.storyboard */,
				88C2639C1C86473E001CBEA7 /* Info.plist */,
			);
			path = "exercise-nostoryboards";
			sourceTree = "<group>";
		};
		88C263A21C86478B001CBEA7 /* Model */ = {
			isa = PBXGroup;
			children = (
			);
			name = Model;
			sourceTree = "<group>";
		};
		88C263A31C864795001CBEA7 /* View */ = {
			isa = PBXGroup;
			children = (
				88C263A51C86492D001CBEA7 /* StartViewController.xib */,
				88C263A81C864E2F001CBEA7 /* RedViewController.xib */,
				88C263AC1C865ACD001CBEA7 /* GreenViewController.xib */,
			);
			name = View;
			sourceTree = "<group>";
		};
		88C263A41C8647A2001CBEA7 /* Controller */ = {
			isa = PBXGroup;
			children = (
				88C263921C86473E001CBEA7 /* StartViewController.swift */,
				88C263A71C864E2F001CBEA7 /* RedViewController.swift */,
				88C263AB1C865ACD001CBEA7 /* GreenViewController.swift */,
			);
			name = Controller;
			sourceTree = "<group>";
		};
/* End PBXGroup section */

/* Begin PBXNativeTarget section */
		88C2638C1C86473E001CBEA7 /* exercise-nostoryboards */ = {
			isa = PBXNativeTarget;
			buildConfigurationList = 88C2639F1C86473E001CBEA7 /* Build configuration list for PBXNativeTarget "exercise-nostoryboards" */;
			buildPhases = (
				88C263891C86473E001CBEA7 /* Sources */,
				88C2638A1C86473E001CBEA7 /* Frameworks */,
				88C2638B1C86473E001CBEA7 /* Resources */,
			);
			buildRules = (
			);
			dependencies = (
			);
			name = "exercise-nostoryboards";
			productName = "exercise-nostoryboards";
			productReference = 88C2638D1C86473E001CBEA7 /* exercise-nostoryboards.app */;
			productType = "com.apple.product-type.application";
		};
/* End PBXNativeTarget section */

/* Begin PBXProject section */
		88C263851C86473E001CBEA7 /* Project object */ = {
			isa = PBXProject;
			attributes = {
				LastSwiftUpdateCheck = 0720;
				LastUpgradeCheck = 0720;
				ORGANIZATIONNAME = "Project Omicron";
				TargetAttributes = {
					88C2638C1C86473E001CBEA7 = {
						CreatedOnToolsVersion = 7.2.1;
						DevelopmentTeam = ZVS8K2A3JV;
					};
				};
			};
			buildConfigurationList = 88C263881C86473E001CBEA7 /* Build configuration list for PBXProject "exercise-nostoryboards" */;
			compatibilityVersion = "Xcode 3.2";
			developmentRegion = English;
			hasScannedForEncodings = 0;
			knownRegions = (
				en,
				Base,
			);
			mainGroup = 88C263841C86473E001CBEA7;
			productRefGroup = 88C2638E1C86473E001CBEA7 /* Products */;
			projectDirPath = "";
			projectRoot = "";
			targets = (
				88C2638C1C86473E001CBEA7 /* exercise-nostoryboards */,
			);
		};
/* End PBXProject section */

/* Begin PBXResourcesBuildPhase section */
		88C2638B1C86473E001CBEA7 /* Resources */ = {
			isa = PBXResourcesBuildPhase;
			buildActionMask = 2147483647;
			files = (
				88C263AA1C864E2F001CBEA7 /* RedViewController.xib in Resources */,
				88C263AE1C865ACD001CBEA7 /* GreenViewController.xib in Resources */,
				88C2639B1C86473E001CBEA7 /* LaunchScreen.storyboard in Resources */,
				88C263981C86473E001CBEA7 /* Assets.xcassets in Resources */,
				88C263A61C86492D001CBEA7 /* StartViewController.xib in Resources */,
			);
			runOnlyForDeploymentPostprocessing = 0;
		};
/* End PBXResourcesBuildPhase section */

/* Begin PBXSourcesBuildPhase section */
		88C263891C86473E001CBEA7 /* Sources */ = {
			isa = PBXSourcesBuildPhase;
			buildActionMask = 2147483647;
			files = (
				88C263AD1C865ACD001CBEA7 /* GreenViewController.swift in Sources */,
				88C263931C86473E001CBEA7 /* StartViewController.swift in Sources */,
				88C263A91C864E2F001CBEA7 /* RedViewController.swift in Sources */,
				88C263911C86473E001CBEA7 /* AppDelegate.swift in Sources */,
			);
			runOnlyForDeploymentPostprocessing = 0;
		};
/* End PBXSourcesBuildPhase section */

/* Begin PBXVariantGroup section */
		88C263991C86473E001CBEA7 /* LaunchScreen.storyboard */ = {
			isa = PBXVariantGroup;
			children = (
				88C2639A1C86473E001CBEA7 /* Base */,
			);
			name = LaunchScreen.storyboard;
			sourceTree = "<group>";
		};
/* End PBXVariantGroup section */

/* Begin XCBuildConfiguration section */
		88C2639D1C86473E001CBEA7 /* Debug */ = {
			isa = XCBuildConfiguration;
			buildSettings = {
				ALWAYS_SEARCH_USER_PATHS = NO;
				CLANG_CXX_LANGUAGE_STANDARD = "gnu++0x";
				CLANG_CXX_LIBRARY = "libc++";
				CLANG_ENABLE_MODULES = YES;
				CLANG_ENABLE_OBJC_ARC = YES;
				CLANG_WARN_BOOL_CONVERSION = YES;
				CLANG_WARN_CONSTANT_CONVERSION = YES;
				CLANG_WARN_DIRECT_OBJC_ISA_USAGE = YES_ERROR;
				CLANG_WARN_EMPTY_BODY = YES;
				CLANG_WARN_ENUM_CONVERSION = YES;
				CLANG_WARN_INT_CONVERSION = YES;
				CLANG_WARN_OBJC_ROOT_CLASS = YES_ERROR;
				CLANG_WARN_UNREACHABLE_CODE = YES;
				CLANG_WARN__DUPLICATE_METHOD_MATCH = YES;
				"CODE_SIGN_IDENTITY[sdk=iphoneos*]" = "iPhone Developer";
				COPY_PHASE_STRIP = NO;
				DEBUG_INFORMATION_FORMAT = dwarf;
				ENABLE_STRICT_OBJC_MSGSEND = YES;
				ENABLE_TESTABILITY = YES;
				GCC_C_LANGUAGE_STANDARD = gnu99;
				GCC_DYNAMIC_NO_PIC = NO;
				GCC_NO_COMMON_BLOCKS = YES;
				GCC_OPTIMIZATION_LEVEL = 0;
				GCC_PREPROCESSOR_DEFINITIONS = (
					"DEBUG=1",
					"$(inherited)",
				);
				GCC_WARN_64_TO_32_BIT_CONVERSION = YES;
				GCC_WARN_ABOUT_RETURN_TYPE = YES_ERROR;
				GCC_WARN_UNDECLARED_SELECTOR = YES;
				GCC_WARN_UNINITIALIZED_AUTOS = YES_AGGRESSIVE;
				GCC_WARN_UNUSED_FUNCTION = YES;
				GCC_WARN_UNUSED_VARIABLE = YES;
				IPHONEOS_DEPLOYMENT_TARGET = 9.2;
				MTL_ENABLE_DEBUG_INFO = YES;
				ONLY_ACTIVE_ARCH = YES;
				SDKROOT = iphoneos;
				SWIFT_OPTIMIZATION_LEVEL = "-Onone";
				TARGETED_DEVICE_FAMILY = "1,2";
			};
			name = Debug;
		};
		88C2639E1C86473E001CBEA7 /* Release */ = {
			isa = XCBuildConfiguration;
			buildSettings = {
				ALWAYS_SEARCH_USER_PATHS = NO;
				CLANG_CXX_LANGUAGE_STANDARD = "gnu++0x";
				CLANG_CXX_LIBRARY = "libc++";
				CLANG_ENABLE_MODULES = YES;
				CLANG_ENABLE_OBJC_ARC = YES;
				CLANG_WARN_BOOL_CONVERSION = YES;
				CLANG_WARN_CONSTANT_CONVERSION = YES;
				CLANG_WARN_DIRECT_OBJC_ISA_USAGE = YES_ERROR;
				CLANG_WARN_EMPTY_BODY = YES;
				CLANG_WARN_ENUM_CONVERSION = YES;
				CLANG_WARN_INT_CONVERSION = YES;
				CLANG_WARN_OBJC_ROOT_CLASS = YES_ERROR;
				CLANG_WARN_UNREACHABLE_CODE = YES;
				CLANG_WARN__DUPLICATE_METHOD_MATCH = YES;
				"CODE_SIGN_IDENTITY[sdk=iphoneos*]" = "iPhone Developer";
				COPY_PHASE_STRIP = NO;
				DEBUG_INFORMATION_FORMAT = "dwarf-with-dsym";
				ENABLE_NS_ASSERTIONS = NO;
				ENABLE_STRICT_OBJC_MSGSEND = YES;
				GCC_C_LANGUAGE_STANDARD = gnu99;
				GCC_NO_COMMON_BLOCKS = YES;
				GCC_WARN_64_TO_32_BIT_CONVERSION = YES;
				GCC_WARN_ABOUT_RETURN_TYPE = YES_ERROR;
				GCC_WARN_UNDECLARED_SELECTOR = YES;
				GCC_WARN_UNINITIALIZED_AUTOS = YES_AGGRESSIVE;
				GCC_WARN_UNUSED_FUNCTION = YES;
				GCC_WARN_UNUSED_VARIABLE = YES;
				IPHONEOS_DEPLOYMENT_TARGET = 9.2;
				MTL_ENABLE_DEBUG_INFO = NO;
				SDKROOT = iphoneos;
				TARGETED_DEVICE_FAMILY = "1,2";
				VALIDATE_PRODUCT = YES;
			};
			name = Release;
		};
		88C263A01C86473E001CBEA7 /* Debug */ = {
			isa = XCBuildConfiguration;
			buildSettings = {
				ASSETCATALOG_COMPILER_APPICON_NAME = AppIcon;
				INFOPLIST_FILE = "exercise-nostoryboards/Info.plist";
				LD_RUNPATH_SEARCH_PATHS = "$(inherited) @executable_path/Frameworks";
				PRODUCT_BUNDLE_IDENTIFIER = "com.projectomicron.exercise-nostoryboards";
				PRODUCT_NAME = "$(TARGET_NAME)";
			};
			name = Debug;
		};
		88C263A11C86473E001CBEA7 /* Release */ = {
			isa = XCBuildConfiguration;
			buildSettings = {
				ASSETCATALOG_COMPILER_APPICON_NAME = AppIcon;
				INFOPLIST_FILE = "exercise-nostoryboards/Info.plist";
				LD_RUNPATH_SEARCH_PATHS = "$(inherited) @executable_path/Frameworks";
				PRODUCT_BUNDLE_IDENTIFIER = "com.projectomicron.exercise-nostoryboards";
				PRODUCT_NAME = "$(TARGET_NAME)";
			};
			name = Release;
		};
/* End XCBuildConfiguration section */

/* Begin XCConfigurationList section */
		88C263881C86473E001CBEA7 /* Build configuration list for PBXProject "exercise-nostoryboards" */ = {
			isa = XCConfigurationList;
			buildConfigurations = (
				88C2639D1C86473E001CBEA7 /* Debug */,
				88C2639E1C86473E001CBEA7 /* Release */,
			);
			defaultConfigurationIsVisible = 0;
			defaultConfigurationName = Release;
		};
		88C2639F1C86473E001CBEA7 /* Build configuration list for PBXNativeTarget "exercise-nostoryboards" */ = {
			isa = XCConfigurationList;
			buildConfigurations = (
				88C263A01C86473E001CBEA7 /* Debug */,
				88C263A11C86473E001CBEA7 /* Release */,
			);
			defaultConfigurationIsVisible = 0;
			defaultConfigurationName = Release;
		};
/* End XCConfigurationList section */
	};
	rootObject = 88C263851C86473E001CBEA7 /* Project object */;
}
